<?xml version="1.0" encoding="utf-8"?>
<Project ToolsVersion="4.0" xmlns="http://schemas.microsoft.com/developer/msbuild/2003">
  <ItemGroup>
    <Filter Include="03_One Definition Rule">
      <UniqueIdentifier>{4b1b4452-f909-416b-851a-2be9c4a4daf6}</UniqueIdentifier>
    </Filter>
    <Filter Include="03_One Definition Rule\OnePerProgram">
      <UniqueIdentifier>{75a4bf72-afb3-49b5-a560-f6ea935f8c15}</UniqueIdentifier>
    </Filter>
    <Filter Include="03_One Definition Rule\Cross-Translation">
      <UniqueIdentifier>{6eb9e3f2-267b-48a5-8d32-40dbc69b937a}</UniqueIdentifier>
    </Filter>
    <Filter Include="04_Function Template">
      <UniqueIdentifier>{69dfd0e8-a51e-4ffb-8811-4760941a76b2}</UniqueIdentifier>
    </Filter>
    <Filter Include="02_Overload Resolution">
      <UniqueIdentifier>{6417707d-5532-43bf-90cc-e5b9a59a76e1}</UniqueIdentifier>
    </Filter>
    <Filter Include="05_Class Template">
      <UniqueIdentifier>{76f9aaa8-e622-49bb-be36-cbb1905c8f8f}</UniqueIdentifier>
    </Filter>
    <Filter Include="03_One Definition Rule\ODR_01">
      <UniqueIdentifier>{b78ea505-fccf-463a-aa6a-56f693a58646}</UniqueIdentifier>
    </Filter>
    <Filter Include="03_One Definition Rule\OnePerProgram\ODR_11">
      <UniqueIdentifier>{fee96714-fafd-44c3-8479-851d5d4369a0}</UniqueIdentifier>
    </Filter>
    <Filter Include="03_One Definition Rule\OnePerProgram\ODR_10">
      <UniqueIdentifier>{23b9a20c-e871-4de4-902b-dfc1fe4f9b90}</UniqueIdentifier>
    </Filter>
    <Filter Include="03_One Definition Rule\OnePerProgram\ODR_12">
      <UniqueIdentifier>{7fe515be-a04f-4f97-bc3b-079ca189561a}</UniqueIdentifier>
    </Filter>
    <Filter Include="03_One Definition Rule\OnePerProgram\Summary">
      <UniqueIdentifier>{ba31c92c-cd89-4ed2-b23a-63f2f477cea2}</UniqueIdentifier>
    </Filter>
    <Filter Include="03_One Definition Rule\Cross-Translation\ODR_15">
      <UniqueIdentifier>{2da43f1d-bc34-4c2e-a3a5-015980b29968}</UniqueIdentifier>
    </Filter>
    <Filter Include="03_One Definition Rule\Cross-Translation\ODR_16">
      <UniqueIdentifier>{2e1efeda-343b-44aa-b367-81921420bbac}</UniqueIdentifier>
    </Filter>
    <Filter Include="03_One Definition Rule\Cross-Translation\ODR_17">
      <UniqueIdentifier>{e8200ca0-4380-4b50-8c9c-2f558f1163fb}</UniqueIdentifier>
    </Filter>
    <Filter Include="03_One Definition Rule\Cross-Translation\Summary">
      <UniqueIdentifier>{8fdbfdca-1fdf-4e23-a2ae-96df48580f7b}</UniqueIdentifier>
    </Filter>
    <Filter Include="03_One Definition Rule\Cross-Translation\ODR_19">
      <UniqueIdentifier>{34ac0188-3199-4ebb-8910-54c6ad9c17a7}</UniqueIdentifier>
    </Filter>
    <Filter Include="06_Nontype Template Parameters">
      <UniqueIdentifier>{0a4df6db-a394-4e70-9115-143a7cd08cc2}</UniqueIdentifier>
    </Filter>
    <Filter Include="07_Tricky Basics">
      <UniqueIdentifier>{52b76cc4-de2e-47f3-9757-31ed512e722d}</UniqueIdentifier>
    </Filter>
    <Filter Include="08_Using Template in Practice">
      <UniqueIdentifier>{b42d8aef-b299-4135-80d0-e5b119cfc2d2}</UniqueIdentifier>
    </Filter>
    <Filter Include="08_Using Template in Practice\UTIP_01">
      <UniqueIdentifier>{52648f67-d1ea-4642-946a-162373546989}</UniqueIdentifier>
    </Filter>
    <Filter Include="08_Using Template in Practice\UTIP_02">
      <UniqueIdentifier>{e3cbacb3-3e94-4a52-b32c-208a703453c2}</UniqueIdentifier>
    </Filter>
    <Filter Include="08_Using Template in Practice\UTIP_04">
      <UniqueIdentifier>{645c6cd2-ab9f-4b20-95d6-ba51063b0ba3}</UniqueIdentifier>
    </Filter>
    <Filter Include="08_Using Template in Practice\UTIP_05">
      <UniqueIdentifier>{8e7a2bf3-4e01-4da3-a9b6-26f5740d4f9a}</UniqueIdentifier>
    </Filter>
    <Filter Include="08_Using Template in Practice\UTIP_08">
      <UniqueIdentifier>{037f6475-ebf1-4453-aa7a-a4a9a975d869}</UniqueIdentifier>
    </Filter>
    <Filter Include="09_Fundamentals in Depth">
      <UniqueIdentifier>{8f6cbc60-ee19-4473-b8f3-6172a77c4cfc}</UniqueIdentifier>
    </Filter>
    <Filter Include="10_Name in Templates">
      <UniqueIdentifier>{70dc6536-1589-41ba-8a7b-9f7402a364c8}</UniqueIdentifier>
    </Filter>
    <Filter Include="11_Instantiation">
      <UniqueIdentifier>{48e6c1eb-cd90-45b8-878e-9907e4fd4013}</UniqueIdentifier>
    </Filter>
    <Filter Include="11_Instantiation\INS_07">
      <UniqueIdentifier>{da37be69-d963-4787-8f1a-f6e81c60cda3}</UniqueIdentifier>
    </Filter>
    <Filter Include="11_Instantiation\INS_08">
      <UniqueIdentifier>{d483ff18-5cd5-4077-b013-4b07b66cc6f3}</UniqueIdentifier>
    </Filter>
    <Filter Include="12_Template Argument Deduction">
      <UniqueIdentifier>{46ffdf32-22c4-4fe9-b63a-a62a11a07e0f}</UniqueIdentifier>
    </Filter>
    <Filter Include="13_Specialization and Overloading">
      <UniqueIdentifier>{606e0642-12dc-41f7-9594-6e003049b18e}</UniqueIdentifier>
    </Filter>
    <Filter Include="13_Specialization and Overloading\SAO_11">
      <UniqueIdentifier>{0a978f7a-2c3e-4288-9a4b-c175279c7ec2}</UniqueIdentifier>
    </Filter>
    <Filter Include="13_Specialization and Overloading\SAO_06">
      <UniqueIdentifier>{5f76391e-58f6-4bb3-9d25-d4213b1df9a1}</UniqueIdentifier>
    </Filter>
    <Filter Include="13_Specialization and Overloading\SAO_13">
      <UniqueIdentifier>{3891cb9c-4f41-49e2-9cc2-dca952e620ab}</UniqueIdentifier>
    </Filter>
    <Filter Include="14_Future_Directions">
      <UniqueIdentifier>{57af2e3e-2eb8-4458-a184-f817691e8834}</UniqueIdentifier>
    </Filter>
    <Filter Include="15_The_Polymorphic_Power_of_Templates">
      <UniqueIdentifier>{27f7501b-bb89-4ea4-a7bb-32c810c408a1}</UniqueIdentifier>
    </Filter>
    <Filter Include="16_Traits_and_Policy_Classes">
      <UniqueIdentifier>{2118b6e0-1297-4626-afa0-104c52259818}</UniqueIdentifier>
    </Filter>
    <Filter Include="17_Templates_and_Inheritance">
      <UniqueIdentifier>{73cfb8eb-6226-47a3-afc1-fa5c2e74da93}</UniqueIdentifier>
    </Filter>
    <Filter Include="18_Metaprograms">
      <UniqueIdentifier>{b6cb97fb-3a43-42b2-adc4-3587d73cddb8}</UniqueIdentifier>
    </Filter>
    <Filter Include="19_Expression_Templates">
      <UniqueIdentifier>{a3689ba9-ceb5-405c-9db4-d5a77989d366}</UniqueIdentifier>
    </Filter>
  </ItemGroup>
  <ItemGroup>
    <ClCompile Include="02_Overload Resolution\Summary.cpp">
      <Filter>02_Overload Resolution</Filter>
    </ClCompile>
    <ClCompile Include="02_Overload Resolution\OR_10.cpp">
      <Filter>02_Overload Resolution</Filter>
    </ClCompile>
    <ClCompile Include="02_Overload Resolution\OR_11.cpp">
      <Filter>02_Overload Resolution</Filter>
    </ClCompile>
    <ClCompile Include="02_Overload Resolution\OR_12.cpp">
      <Filter>02_Overload Resolution</Filter>
    </ClCompile>
    <ClCompile Include="02_Overload Resolution\OR_13.cpp">
      <Filter>02_Overload Resolution</Filter>
    </ClCompile>
    <ClCompile Include="02_Overload Resolution\OR_14.cpp">
      <Filter>02_Overload Resolution</Filter>
    </ClCompile>
    <ClCompile Include="02_Overload Resolution\OR_15.cpp">
      <Filter>02_Overload Resolution</Filter>
    </ClCompile>
    <ClCompile Include="02_Overload Resolution\OR_16.cpp">
      <Filter>02_Overload Resolution</Filter>
    </ClCompile>
    <ClCompile Include="02_Overload Resolution\OR_17.cpp">
      <Filter>02_Overload Resolution</Filter>
    </ClCompile>
    <ClCompile Include="02_Overload Resolution\OR_18.cpp">
      <Filter>02_Overload Resolution</Filter>
    </ClCompile>
    <ClCompile Include="02_Overload Resolution\OR_19.cpp">
      <Filter>02_Overload Resolution</Filter>
    </ClCompile>
    <ClCompile Include="02_Overload Resolution\OR_20.cpp">
      <Filter>02_Overload Resolution</Filter>
    </ClCompile>
    <ClCompile Include="02_Overload Resolution\OR_21.cpp">
      <Filter>02_Overload Resolution</Filter>
    </ClCompile>
    <ClCompile Include="02_Overload Resolution\OR_22.cpp">
      <Filter>02_Overload Resolution</Filter>
    </ClCompile>
    <ClCompile Include="02_Overload Resolution\OR_01.cpp">
      <Filter>02_Overload Resolution</Filter>
    </ClCompile>
    <ClCompile Include="02_Overload Resolution\OR_02.cpp">
      <Filter>02_Overload Resolution</Filter>
    </ClCompile>
    <ClCompile Include="02_Overload Resolution\OR_03.cpp">
      <Filter>02_Overload Resolution</Filter>
    </ClCompile>
    <ClCompile Include="02_Overload Resolution\OR_04.cpp">
      <Filter>02_Overload Resolution</Filter>
    </ClCompile>
    <ClCompile Include="02_Overload Resolution\OR_05.cpp">
      <Filter>02_Overload Resolution</Filter>
    </ClCompile>
    <ClCompile Include="02_Overload Resolution\OR_06.cpp">
      <Filter>02_Overload Resolution</Filter>
    </ClCompile>
    <ClCompile Include="02_Overload Resolution\OR_07.cpp">
      <Filter>02_Overload Resolution</Filter>
    </ClCompile>
    <ClCompile Include="02_Overload Resolution\OR_08.cpp">
      <Filter>02_Overload Resolution</Filter>
    </ClCompile>
    <ClCompile Include="02_Overload Resolution\OR_09.cpp">
      <Filter>02_Overload Resolution</Filter>
    </ClCompile>
    <ClCompile Include="03_One Definition Rule\OnePerProgram\ODR_10_TR2.cpp">
      <Filter>03_One Definition Rule\OnePerProgram\ODR_10</Filter>
    </ClCompile>
    <ClCompile Include="03_One Definition Rule\OnePerProgram\ODR_10.cpp">
      <Filter>03_One Definition Rule\OnePerProgram\ODR_10</Filter>
    </ClCompile>
    <ClCompile Include="03_One Definition Rule\OnePerProgram\ODR_10_TR1.cpp">
      <Filter>03_One Definition Rule\OnePerProgram\ODR_10</Filter>
    </ClCompile>
    <ClCompile Include="03_One Definition Rule\OnePerProgram\ODR_11_TR2.cpp">
      <Filter>03_One Definition Rule\OnePerProgram\ODR_11</Filter>
    </ClCompile>
    <ClCompile Include="03_One Definition Rule\OnePerProgram\ODR_11.cpp">
      <Filter>03_One Definition Rule\OnePerProgram\ODR_11</Filter>
    </ClCompile>
    <ClCompile Include="03_One Definition Rule\OnePerProgram\ODR_11_TR1.cpp">
      <Filter>03_One Definition Rule\OnePerProgram\ODR_11</Filter>
    </ClCompile>
    <ClCompile Include="03_One Definition Rule\OnePerProgram\ODR_12_TR1.cpp">
      <Filter>03_One Definition Rule\OnePerProgram\ODR_12</Filter>
    </ClCompile>
    <ClCompile Include="03_One Definition Rule\OnePerProgram\ODR_12_TR2.cpp">
      <Filter>03_One Definition Rule\OnePerProgram\ODR_12</Filter>
    </ClCompile>
    <ClCompile Include="03_One Definition Rule\OnePerProgram\ODR_12.cpp">
      <Filter>03_One Definition Rule\OnePerProgram\ODR_12</Filter>
    </ClCompile>
    <ClCompile Include="03_One Definition Rule\OnePerProgram\main.cpp">
      <Filter>03_One Definition Rule\OnePerProgram\Summary</Filter>
    </ClCompile>
    <ClCompile Include="03_One Definition Rule\OnePerProgram\TranslateUnit1.cpp">
      <Filter>03_One Definition Rule\OnePerProgram\Summary</Filter>
    </ClCompile>
    <ClCompile Include="03_One Definition Rule\OnePerProgram\TranslateUnit2.cpp">
      <Filter>03_One Definition Rule\OnePerProgram\Summary</Filter>
    </ClCompile>
    <ClCompile Include="03_One Definition Rule\ODR_02.cpp">
      <Filter>03_One Definition Rule</Filter>
    </ClCompile>
    <ClCompile Include="03_One Definition Rule\ODR_03.cpp">
      <Filter>03_One Definition Rule</Filter>
    </ClCompile>
    <ClCompile Include="03_One Definition Rule\ODR_04.cpp">
      <Filter>03_One Definition Rule</Filter>
    </ClCompile>
    <ClCompile Include="03_One Definition Rule\ODR_05.cpp">
      <Filter>03_One Definition Rule</Filter>
    </ClCompile>
    <ClCompile Include="03_One Definition Rule\ODR_06.cpp">
      <Filter>03_One Definition Rule</Filter>
    </ClCompile>
    <ClCompile Include="03_One Definition Rule\ODR_07.cpp">
      <Filter>03_One Definition Rule</Filter>
    </ClCompile>
    <ClCompile Include="03_One Definition Rule\ODR_08.cpp">
      <Filter>03_One Definition Rule</Filter>
    </ClCompile>
    <ClCompile Include="03_One Definition Rule\ODR_09.cpp">
      <Filter>03_One Definition Rule</Filter>
    </ClCompile>
    <ClCompile Include="03_One Definition Rule\ODR_13.cpp">
      <Filter>03_One Definition Rule</Filter>
    </ClCompile>
    <ClCompile Include="03_One Definition Rule\ODR_01.cpp">
      <Filter>03_One Definition Rule\ODR_01</Filter>
    </ClCompile>
    <ClCompile Include="03_One Definition Rule\ODR_14.cpp">
      <Filter>03_One Definition Rule</Filter>
    </ClCompile>
    <ClCompile Include="03_One Definition Rule\Cross-Translation\TranslateUnit2.cpp">
      <Filter>03_One Definition Rule\Cross-Translation\Summary</Filter>
    </ClCompile>
    <ClCompile Include="03_One Definition Rule\Cross-Translation\main.cpp">
      <Filter>03_One Definition Rule\Cross-Translation\Summary</Filter>
    </ClCompile>
    <ClCompile Include="03_One Definition Rule\Cross-Translation\tmp_impl.cpp">
      <Filter>03_One Definition Rule\Cross-Translation\Summary</Filter>
    </ClCompile>
    <ClCompile Include="03_One Definition Rule\Cross-Translation\TranslateUnit1.cpp">
      <Filter>03_One Definition Rule\Cross-Translation\Summary</Filter>
    </ClCompile>
    <ClCompile Include="03_One Definition Rule\Cross-Translation\ODR_16_TR1.cpp">
      <Filter>03_One Definition Rule\Cross-Translation\ODR_16</Filter>
    </ClCompile>
    <ClCompile Include="03_One Definition Rule\Cross-Translation\ODR_16_TR2.cpp">
      <Filter>03_One Definition Rule\Cross-Translation\ODR_16</Filter>
    </ClCompile>
    <ClCompile Include="03_One Definition Rule\Cross-Translation\ODR_16.cpp">
      <Filter>03_One Definition Rule\Cross-Translation\ODR_16</Filter>
    </ClCompile>
    <ClCompile Include="03_One Definition Rule\Cross-Translation\ODR_17.cpp">
      <Filter>03_One Definition Rule\Cross-Translation\ODR_17</Filter>
    </ClCompile>
    <ClCompile Include="03_One Definition Rule\Cross-Translation\ODR_17_TR1.cpp">
      <Filter>03_One Definition Rule\Cross-Translation\ODR_17</Filter>
    </ClCompile>
    <ClCompile Include="03_One Definition Rule\Cross-Translation\ODR_17_TR2.cpp">
      <Filter>03_One Definition Rule\Cross-Translation\ODR_17</Filter>
    </ClCompile>
    <ClCompile Include="03_One Definition Rule\Cross-Translation\ODR_19.cpp">
      <Filter>03_One Definition Rule\Cross-Translation\ODR_19</Filter>
    </ClCompile>
    <ClCompile Include="03_One Definition Rule\Cross-Translation\ODR_19_TR1.cpp">
      <Filter>03_One Definition Rule\Cross-Translation\ODR_19</Filter>
    </ClCompile>
    <ClCompile Include="03_One Definition Rule\Cross-Translation\ODR_15_TR2.cpp">
      <Filter>03_One Definition Rule\Cross-Translation\ODR_15</Filter>
    </ClCompile>
    <ClCompile Include="03_One Definition Rule\Cross-Translation\ODR_15.cpp">
      <Filter>03_One Definition Rule\Cross-Translation\ODR_15</Filter>
    </ClCompile>
    <ClCompile Include="03_One Definition Rule\Cross-Translation\ODR_15_TR1.cpp">
      <Filter>03_One Definition Rule\Cross-Translation\ODR_15</Filter>
    </ClCompile>
    <ClCompile Include="05_Class Template\CT_01.cpp">
      <Filter>05_Class Template</Filter>
    </ClCompile>
    <ClCompile Include="05_Class Template\CT_03.cpp">
      <Filter>05_Class Template</Filter>
    </ClCompile>
    <ClCompile Include="03_One Definition Rule\ODR_18.cpp">
      <Filter>03_One Definition Rule\Cross-Translation</Filter>
    </ClCompile>
    <ClCompile Include="05_Class Template\CT_02.cpp">
      <Filter>05_Class Template</Filter>
    </ClCompile>
    <ClCompile Include="05_Class Template\CT_04.cpp">
      <Filter>05_Class Template</Filter>
    </ClCompile>
    <ClCompile Include="05_Class Template\CT_05.cpp">
      <Filter>05_Class Template</Filter>
    </ClCompile>
    <ClCompile Include="06_Nontype Template Parameters\NTP_01.cpp">
      <Filter>06_Nontype Template Parameters</Filter>
    </ClCompile>
    <ClCompile Include="06_Nontype Template Parameters\NTP_02.cpp">
      <Filter>06_Nontype Template Parameters</Filter>
    </ClCompile>
    <ClCompile Include="06_Nontype Template Parameters\NTP_03.cpp">
      <Filter>06_Nontype Template Parameters</Filter>
    </ClCompile>
    <ClCompile Include="06_Nontype Template Parameters\NTP_04.cpp">
      <Filter>06_Nontype Template Parameters</Filter>
    </ClCompile>
    <ClCompile Include="06_Nontype Template Parameters\NTP_05.cpp">
      <Filter>06_Nontype Template Parameters</Filter>
    </ClCompile>
    <ClCompile Include="06_Nontype Template Parameters\NTP_06.cpp">
      <Filter>06_Nontype Template Parameters</Filter>
    </ClCompile>
    <ClCompile Include="06_Nontype Template Parameters\NTP_07.cpp">
      <Filter>06_Nontype Template Parameters</Filter>
    </ClCompile>
    <ClCompile Include="06_Nontype Template Parameters\NTP_08.cpp">
      <Filter>06_Nontype Template Parameters</Filter>
    </ClCompile>
    <ClCompile Include="07_Tricky Basics\TB_01.cpp">
      <Filter>07_Tricky Basics</Filter>
    </ClCompile>
    <ClCompile Include="07_Tricky Basics\TB_02.cpp">
      <Filter>07_Tricky Basics</Filter>
    </ClCompile>
    <ClCompile Include="07_Tricky Basics\TB_03.cpp">
      <Filter>07_Tricky Basics</Filter>
    </ClCompile>
    <ClCompile Include="07_Tricky Basics\TB_04.cpp">
      <Filter>07_Tricky Basics</Filter>
    </ClCompile>
    <ClCompile Include="07_Tricky Basics\TB_05.cpp">
      <Filter>07_Tricky Basics</Filter>
    </ClCompile>
    <ClCompile Include="07_Tricky Basics\TB_06.cpp">
      <Filter>07_Tricky Basics</Filter>
    </ClCompile>
    <ClCompile Include="07_Tricky Basics\TB_07.cpp">
      <Filter>07_Tricky Basics</Filter>
    </ClCompile>
    <ClCompile Include="07_Tricky Basics\TB_08.cpp">
      <Filter>07_Tricky Basics</Filter>
    </ClCompile>
    <ClCompile Include="07_Tricky Basics\TB_09.cpp">
      <Filter>07_Tricky Basics</Filter>
    </ClCompile>
    <ClCompile Include="07_Tricky Basics\TB_10.cpp">
      <Filter>07_Tricky Basics</Filter>
    </ClCompile>
    <ClCompile Include="08_Using Template in Practice\UTIP_01.cpp">
      <Filter>08_Using Template in Practice\UTIP_01</Filter>
    </ClCompile>
    <ClCompile Include="04_Function Template\FT_01.cpp">
      <Filter>04_Function Template</Filter>
    </ClCompile>
    <ClCompile Include="04_Function Template\FT_02.cpp">
      <Filter>04_Function Template</Filter>
    </ClCompile>
    <ClCompile Include="04_Function Template\FT_03.cpp">
      <Filter>04_Function Template</Filter>
    </ClCompile>
    <ClCompile Include="04_Function Template\FT_04.cpp">
      <Filter>04_Function Template</Filter>
    </ClCompile>
    <ClCompile Include="04_Function Template\FT_05.cpp">
      <Filter>04_Function Template</Filter>
    </ClCompile>
    <ClCompile Include="04_Function Template\FT_06.cpp">
      <Filter>04_Function Template</Filter>
    </ClCompile>
    <ClCompile Include="04_Function Template\FT_07.cpp">
      <Filter>04_Function Template</Filter>
    </ClCompile>
    <ClCompile Include="04_Function Template\FT_08.cpp">
      <Filter>04_Function Template</Filter>
    </ClCompile>
    <ClCompile Include="04_Function Template\FT_09.cpp">
      <Filter>04_Function Template</Filter>
    </ClCompile>
    <ClCompile Include="04_Function Template\FT_10.cpp">
      <Filter>04_Function Template</Filter>
    </ClCompile>
    <ClCompile Include="04_Function Template\FT_11.cpp">
      <Filter>04_Function Template</Filter>
    </ClCompile>
    <ClCompile Include="04_Function Template\Summary.cpp">
      <Filter>04_Function Template</Filter>
    </ClCompile>
    <ClCompile Include="08_Using Template in Practice\UTIP_02.cpp">
      <Filter>08_Using Template in Practice\UTIP_02</Filter>
    </ClCompile>
    <ClCompile Include="08_Using Template in Practice\UTIP_01_MAIN.cpp">
      <Filter>08_Using Template in Practice\UTIP_01</Filter>
    </ClCompile>
    <ClCompile Include="08_Using Template in Practice\UTIP_02_MAIN.cpp">
      <Filter>08_Using Template in Practice\UTIP_02</Filter>
    </ClCompile>
    <ClCompile Include="08_Using Template in Practice\UTIP_02_INST.cpp">
      <Filter>08_Using Template in Practice\UTIP_02</Filter>
    </ClCompile>
    <ClCompile Include="08_Using Template in Practice\UTIP_03.cpp">
      <Filter>08_Using Template in Practice</Filter>
    </ClCompile>
    <ClCompile Include="08_Using Template in Practice\UTIP_04.cpp">
      <Filter>08_Using Template in Practice\UTIP_04</Filter>
    </ClCompile>
    <ClCompile Include="08_Using Template in Practice\UTIP_04_INST.cpp">
      <Filter>08_Using Template in Practice\UTIP_04</Filter>
    </ClCompile>
    <ClCompile Include="08_Using Template in Practice\UTIP_04_MAIN.cpp">
      <Filter>08_Using Template in Practice\UTIP_04</Filter>
    </ClCompile>
    <ClCompile Include="08_Using Template in Practice\UTIP_05.cpp">
      <Filter>08_Using Template in Practice\UTIP_05</Filter>
    </ClCompile>
    <ClCompile Include="08_Using Template in Practice\UTIP_05_TR1.cpp">
      <Filter>08_Using Template in Practice\UTIP_05</Filter>
    </ClCompile>
    <ClCompile Include="08_Using Template in Practice\UTIP_06.cpp">
      <Filter>08_Using Template in Practice</Filter>
    </ClCompile>
    <ClCompile Include="08_Using Template in Practice\UTIP_07.cpp">
      <Filter>08_Using Template in Practice</Filter>
    </ClCompile>
    <ClCompile Include="08_Using Template in Practice\UTIP_08.cpp">
      <Filter>08_Using Template in Practice\UTIP_08</Filter>
    </ClCompile>
    <ClCompile Include="08_Using Template in Practice\UTIP_08_MAIN.cpp">
      <Filter>08_Using Template in Practice\UTIP_08</Filter>
    </ClCompile>
    <ClCompile Include="09_Fundamentals in Depth\FID_01.cpp">
      <Filter>09_Fundamentals in Depth</Filter>
    </ClCompile>
    <ClCompile Include="09_Fundamentals in Depth\FID_02.cpp">
      <Filter>09_Fundamentals in Depth</Filter>
    </ClCompile>
    <ClCompile Include="09_Fundamentals in Depth\FID_03.cpp">
      <Filter>09_Fundamentals in Depth</Filter>
    </ClCompile>
    <ClCompile Include="09_Fundamentals in Depth\FID_04.cpp">
      <Filter>09_Fundamentals in Depth</Filter>
    </ClCompile>
    <ClCompile Include="09_Fundamentals in Depth\FID_05.cpp">
      <Filter>09_Fundamentals in Depth</Filter>
    </ClCompile>
    <ClCompile Include="09_Fundamentals in Depth\FID_06.cpp">
      <Filter>09_Fundamentals in Depth</Filter>
    </ClCompile>
    <ClCompile Include="09_Fundamentals in Depth\FID_07.cpp">
      <Filter>09_Fundamentals in Depth</Filter>
    </ClCompile>
    <ClCompile Include="09_Fundamentals in Depth\FID_08.cpp">
      <Filter>09_Fundamentals in Depth</Filter>
    </ClCompile>
    <ClCompile Include="09_Fundamentals in Depth\FID_09.cpp">
      <Filter>09_Fundamentals in Depth</Filter>
    </ClCompile>
    <ClCompile Include="09_Fundamentals in Depth\FID_10.cpp">
      <Filter>09_Fundamentals in Depth</Filter>
    </ClCompile>
    <ClCompile Include="09_Fundamentals in Depth\FID_11.cpp">
      <Filter>09_Fundamentals in Depth</Filter>
    </ClCompile>
    <ClCompile Include="09_Fundamentals in Depth\FID_12.cpp">
      <Filter>09_Fundamentals in Depth</Filter>
    </ClCompile>
    <ClCompile Include="09_Fundamentals in Depth\FID_13.cpp">
      <Filter>09_Fundamentals in Depth</Filter>
    </ClCompile>
    <ClCompile Include="09_Fundamentals in Depth\FID_14.cpp">
      <Filter>09_Fundamentals in Depth</Filter>
    </ClCompile>
    <ClCompile Include="10_Name in Templates\NIT_01.cpp">
      <Filter>10_Name in Templates</Filter>
    </ClCompile>
    <ClCompile Include="10_Name in Templates\NIT_02.cpp">
      <Filter>10_Name in Templates</Filter>
    </ClCompile>
    <ClCompile Include="10_Name in Templates\NIT_03.cpp">
      <Filter>10_Name in Templates</Filter>
    </ClCompile>
    <ClCompile Include="10_Name in Templates\NIT_04.cpp">
      <Filter>10_Name in Templates</Filter>
    </ClCompile>
    <ClCompile Include="10_Name in Templates\NIT_05.cpp">
      <Filter>10_Name in Templates</Filter>
    </ClCompile>
    <ClCompile Include="10_Name in Templates\NIT_06.cpp">
      <Filter>10_Name in Templates</Filter>
    </ClCompile>
    <ClCompile Include="10_Name in Templates\NIT_07.cpp">
      <Filter>10_Name in Templates</Filter>
    </ClCompile>
    <ClCompile Include="10_Name in Templates\NIT_08.cpp">
      <Filter>10_Name in Templates</Filter>
    </ClCompile>
    <ClCompile Include="10_Name in Templates\NIT_09.cpp">
      <Filter>10_Name in Templates</Filter>
    </ClCompile>
    <ClCompile Include="10_Name in Templates\NIT_10.cpp">
      <Filter>10_Name in Templates</Filter>
    </ClCompile>
    <ClCompile Include="10_Name in Templates\NIT_11.cpp">
      <Filter>10_Name in Templates</Filter>
    </ClCompile>
    <ClCompile Include="10_Name in Templates\NIT_12.cpp">
      <Filter>10_Name in Templates</Filter>
    </ClCompile>
    <ClCompile Include="10_Name in Templates\NIT_13.cpp">
      <Filter>10_Name in Templates</Filter>
    </ClCompile>
    <ClCompile Include="10_Name in Templates\NIT_14.cpp">
      <Filter>10_Name in Templates</Filter>
    </ClCompile>
    <ClCompile Include="10_Name in Templates\NIT_15.cpp">
      <Filter>10_Name in Templates</Filter>
    </ClCompile>
    <ClCompile Include="11_Instantiation\INS_01.cpp">
      <Filter>11_Instantiation</Filter>
    </ClCompile>
    <ClCompile Include="11_Instantiation\INS_02.cpp">
      <Filter>11_Instantiation</Filter>
    </ClCompile>
    <ClCompile Include="11_Instantiation\INS_03.cpp">
      <Filter>11_Instantiation</Filter>
    </ClCompile>
    <ClCompile Include="11_Instantiation\INS_04.cpp">
      <Filter>11_Instantiation</Filter>
    </ClCompile>
    <ClCompile Include="11_Instantiation\INS_05.cpp">
      <Filter>11_Instantiation</Filter>
    </ClCompile>
    <ClCompile Include="11_Instantiation\INS_06.cpp">
      <Filter>11_Instantiation</Filter>
    </ClCompile>
    <ClCompile Include="11_Instantiation\INS_07_TR1.cpp">
      <Filter>11_Instantiation\INS_07</Filter>
    </ClCompile>
    <ClCompile Include="11_Instantiation\INS_07.cpp">
      <Filter>11_Instantiation\INS_07</Filter>
    </ClCompile>
    <ClCompile Include="11_Instantiation\INS_08_TR1.cpp">
      <Filter>11_Instantiation\INS_08</Filter>
    </ClCompile>
    <ClCompile Include="11_Instantiation\INS_08.cpp">
      <Filter>11_Instantiation\INS_08</Filter>
    </ClCompile>
    <ClCompile Include="12_Template Argument Deduction\TAD_01.cpp">
      <Filter>12_Template Argument Deduction</Filter>
    </ClCompile>
    <ClCompile Include="12_Template Argument Deduction\TAD_02.cpp">
      <Filter>12_Template Argument Deduction</Filter>
    </ClCompile>
    <ClCompile Include="12_Template Argument Deduction\TAD_03.cpp">
      <Filter>12_Template Argument Deduction</Filter>
    </ClCompile>
    <ClCompile Include="12_Template Argument Deduction\TAD_04.cpp">
      <Filter>12_Template Argument Deduction</Filter>
    </ClCompile>
    <ClCompile Include="12_Template Argument Deduction\TAD_05.cpp">
      <Filter>12_Template Argument Deduction</Filter>
    </ClCompile>
    <ClCompile Include="12_Template Argument Deduction\TAD_06.cpp">
      <Filter>12_Template Argument Deduction</Filter>
    </ClCompile>
    <ClCompile Include="12_Template Argument Deduction\TAD_07.cpp">
      <Filter>12_Template Argument Deduction</Filter>
    </ClCompile>
    <ClCompile Include="13_Specialization and Overloading\SAO_01.cpp">
      <Filter>13_Specialization and Overloading</Filter>
    </ClCompile>
    <ClCompile Include="13_Specialization and Overloading\SAO_02.cpp">
      <Filter>13_Specialization and Overloading</Filter>
    </ClCompile>
    <ClCompile Include="13_Specialization and Overloading\SAO_03.cpp">
      <Filter>13_Specialization and Overloading</Filter>
    </ClCompile>
    <ClCompile Include="13_Specialization and Overloading\SAO_04.cpp">
      <Filter>13_Specialization and Overloading</Filter>
    </ClCompile>
    <ClCompile Include="13_Specialization and Overloading\SAO_05.cpp">
      <Filter>13_Specialization and Overloading</Filter>
    </ClCompile>
    <ClCompile Include="13_Specialization and Overloading\SAO_06_TR1.cpp">
      <Filter>13_Specialization and Overloading\SAO_06</Filter>
    </ClCompile>
    <ClCompile Include="13_Specialization and Overloading\SAO_06_TR2.cpp">
      <Filter>13_Specialization and Overloading\SAO_06</Filter>
    </ClCompile>
    <ClCompile Include="13_Specialization and Overloading\SAO_07.cpp">
      <Filter>13_Specialization and Overloading</Filter>
    </ClCompile>
    <ClCompile Include="13_Specialization and Overloading\SAO_08.cpp">
      <Filter>13_Specialization and Overloading</Filter>
    </ClCompile>
    <ClCompile Include="13_Specialization and Overloading\SAO_09.cpp">
      <Filter>13_Specialization and Overloading</Filter>
    </ClCompile>
    <ClCompile Include="13_Specialization and Overloading\SAO_10.cpp">
      <Filter>13_Specialization and Overloading</Filter>
    </ClCompile>
    <ClCompile Include="13_Specialization and Overloading\SAO_11_TR1.cpp">
      <Filter>13_Specialization and Overloading\SAO_11</Filter>
    </ClCompile>
    <ClCompile Include="13_Specialization and Overloading\SAO_11_TR2.cpp">
      <Filter>13_Specialization and Overloading\SAO_11</Filter>
    </ClCompile>
    <ClCompile Include="13_Specialization and Overloading\SAO_12.cpp">
      <Filter>13_Specialization and Overloading</Filter>
    </ClCompile>
    <ClCompile Include="13_Specialization and Overloading\SAO_13.cpp">
      <Filter>13_Specialization and Overloading\SAO_13</Filter>
    </ClCompile>
    <ClCompile Include="13_Specialization and Overloading\SAO_14.cpp">
      <Filter>13_Specialization and Overloading</Filter>
    </ClCompile>
    <ClCompile Include="13_Specialization and Overloading\SAO_15.cpp">
      <Filter>13_Specialization and Overloading</Filter>
    </ClCompile>
    <ClCompile Include="13_Specialization and Overloading\SAO_16.cpp">
      <Filter>13_Specialization and Overloading</Filter>
    </ClCompile>
    <ClCompile Include="13_Specialization and Overloading\SAO_17.cpp">
      <Filter>13_Specialization and Overloading</Filter>
    </ClCompile>
    <ClCompile Include="14_Future_Directions\FD_01.cpp">
      <Filter>14_Future_Directions</Filter>
    </ClCompile>
    <ClCompile Include="14_Future_Directions\FD_02.cpp">
      <Filter>14_Future_Directions</Filter>
    </ClCompile>
    <ClCompile Include="14_Future_Directions\FD_03.cpp">
      <Filter>14_Future_Directions</Filter>
    </ClCompile>
    <ClCompile Include="14_Future_Directions\FD_04.cpp">
      <Filter>14_Future_Directions</Filter>
    </ClCompile>
    <ClCompile Include="14_Future_Directions\FD_05.cpp">
      <Filter>14_Future_Directions</Filter>
    </ClCompile>
    <ClCompile Include="14_Future_Directions\FD_06.cpp">
      <Filter>14_Future_Directions</Filter>
    </ClCompile>
    <ClCompile Include="14_Future_Directions\FD_07.cpp">
      <Filter>14_Future_Directions</Filter>
    </ClCompile>
    <ClCompile Include="14_Future_Directions\FD_08.cpp">
      <Filter>14_Future_Directions</Filter>
    </ClCompile>
    <ClCompile Include="14_Future_Directions\FD_09.cpp">
      <Filter>14_Future_Directions</Filter>
    </ClCompile>
    <ClCompile Include="14_Future_Directions\FD_10.cpp">
      <Filter>14_Future_Directions</Filter>
    </ClCompile>
    <ClCompile Include="14_Future_Directions\FD_11.cpp">
      <Filter>14_Future_Directions</Filter>
    </ClCompile>
    <ClCompile Include="14_Future_Directions\FD_12.cpp">
      <Filter>14_Future_Directions</Filter>
    </ClCompile>
    <ClCompile Include="14_Future_Directions\FD_14.cpp">
      <Filter>14_Future_Directions</Filter>
    </ClCompile>
    <ClCompile Include="14_Future_Directions\FD_13.cpp">
      <Filter>14_Future_Directions</Filter>
    </ClCompile>
    <ClCompile Include="15_The_Polymorphic_Power_of_Templates\TPPT_01.cpp">
      <Filter>15_The_Polymorphic_Power_of_Templates</Filter>
    </ClCompile>
    <ClCompile Include="15_The_Polymorphic_Power_of_Templates\TPPT_02.cpp">
      <Filter>15_The_Polymorphic_Power_of_Templates</Filter>
    </ClCompile>
    <ClCompile Include="15_The_Polymorphic_Power_of_Templates\TPPT_03.cpp">
      <Filter>15_The_Polymorphic_Power_of_Templates</Filter>
    </ClCompile>
    <ClCompile Include="15_The_Polymorphic_Power_of_Templates\TPPT_04.cpp">
      <Filter>15_The_Polymorphic_Power_of_Templates</Filter>
    </ClCompile>
    <ClCompile Include="16_Traits_and_Policy_Classes\TAPC_01.cpp">
      <Filter>16_Traits_and_Policy_Classes</Filter>
    </ClCompile>
    <ClCompile Include="16_Traits_and_Policy_Classes\TAPC_02.cpp">
      <Filter>16_Traits_and_Policy_Classes</Filter>
    </ClCompile>
    <ClCompile Include="16_Traits_and_Policy_Classes\TAPC_03.cpp">
      <Filter>16_Traits_and_Policy_Classes</Filter>
    </ClCompile>
    <ClCompile Include="16_Traits_and_Policy_Classes\TAPC_04.cpp">
      <Filter>16_Traits_and_Policy_Classes</Filter>
    </ClCompile>
    <ClCompile Include="16_Traits_and_Policy_Classes\TAPC_05.cpp">
      <Filter>16_Traits_and_Policy_Classes</Filter>
    </ClCompile>
    <ClCompile Include="16_Traits_and_Policy_Classes\TAPC_06.cpp">
      <Filter>16_Traits_and_Policy_Classes</Filter>
    </ClCompile>
    <ClCompile Include="16_Traits_and_Policy_Classes\TAPC_07.cpp">
      <Filter>16_Traits_and_Policy_Classes</Filter>
    </ClCompile>
    <ClCompile Include="16_Traits_and_Policy_Classes\TAPC_08.cpp">
      <Filter>16_Traits_and_Policy_Classes</Filter>
    </ClCompile>
    <ClCompile Include="16_Traits_and_Policy_Classes\TAPC_09.cpp">
      <Filter>16_Traits_and_Policy_Classes</Filter>
    </ClCompile>
    <ClCompile Include="16_Traits_and_Policy_Classes\TAPC_10.cpp">
      <Filter>16_Traits_and_Policy_Classes</Filter>
    </ClCompile>
    <ClCompile Include="16_Traits_and_Policy_Classes\TAPC_11.cpp">
      <Filter>16_Traits_and_Policy_Classes</Filter>
    </ClCompile>
    <ClCompile Include="16_Traits_and_Policy_Classes\TAPC_12.cpp">
      <Filter>16_Traits_and_Policy_Classes</Filter>
    </ClCompile>
    <ClCompile Include="16_Traits_and_Policy_Classes\TAPC_13.cpp">
      <Filter>16_Traits_and_Policy_Classes</Filter>
    </ClCompile>
    <ClCompile Include="16_Traits_and_Policy_Classes\TAPC_14.cpp">
      <Filter>16_Traits_and_Policy_Classes</Filter>
    </ClCompile>
    <ClCompile Include="16_Traits_and_Policy_Classes\TAPC_15.cpp">
      <Filter>16_Traits_and_Policy_Classes</Filter>
    </ClCompile>
    <ClCompile Include="16_Traits_and_Policy_Classes\TAPC_16.cpp">
      <Filter>16_Traits_and_Policy_Classes</Filter>
    </ClCompile>
    <ClCompile Include="17_Templates_and_Inheritance\TAI_01.cpp">
      <Filter>17_Templates_and_Inheritance</Filter>
    </ClCompile>
    <ClCompile Include="17_Templates_and_Inheritance\TAI_02.cpp">
      <Filter>17_Templates_and_Inheritance</Filter>
    </ClCompile>
    <ClCompile Include="17_Templates_and_Inheritance\TAI_03.cpp">
      <Filter>17_Templates_and_Inheritance</Filter>
    </ClCompile>
    <ClCompile Include="17_Templates_and_Inheritance\TAI_04.cpp">
      <Filter>17_Templates_and_Inheritance</Filter>
    </ClCompile>
    <ClCompile Include="17_Templates_and_Inheritance\TAI_05.cpp">
      <Filter>17_Templates_and_Inheritance</Filter>
    </ClCompile>
    <ClCompile Include="18_Metaprograms\META_01.cpp">
      <Filter>18_Metaprograms</Filter>
    </ClCompile>
    <ClCompile Include="18_Metaprograms\META_02.cpp">
      <Filter>18_Metaprograms</Filter>
    </ClCompile>
    <ClCompile Include="18_Metaprograms\META_03.cpp">
      <Filter>18_Metaprograms</Filter>
    </ClCompile>
    <ClCompile Include="18_Metaprograms\META_04.cpp">
      <Filter>18_Metaprograms</Filter>
    </ClCompile>
    <ClCompile Include="18_Metaprograms\META_05.cpp">
      <Filter>18_Metaprograms</Filter>
    </ClCompile>
    <ClCompile Include="18_Metaprograms\META_06.cpp">
      <Filter>18_Metaprograms</Filter>
    </ClCompile>
    <ClCompile Include="18_Metaprograms\META_07.cpp">
      <Filter>18_Metaprograms</Filter>
    </ClCompile>
    <ClCompile Include="18_Metaprograms\META_08.cpp">
      <Filter>18_Metaprograms</Filter>
    </ClCompile>
    <ClCompile Include="19_Expression_Templates\ET_02.cpp">
      <Filter>19_Expression_Templates</Filter>
    </ClCompile>
    <ClCompile Include="19_Expression_Templates\ET_01.cpp">
      <Filter>19_Expression_Templates</Filter>
    </ClCompile>
    <ClCompile Include="19_Expression_Templates\ET_04.cpp">
      <Filter>19_Expression_Templates</Filter>
    </ClCompile>
    <ClCompile Include="19_Expression_Templates\ET_03.cpp">
      <Filter>19_Expression_Templates</Filter>
    </ClCompile>
    <ClCompile Include="19_Expression_Templates\ET_05.cpp">
      <Filter>19_Expression_Templates</Filter>
    </ClCompile>
  </ItemGroup>
  <ItemGroup>
    <ClInclude Include="03_One Definition Rule\OnePerProgram\ODR_10.h">
      <Filter>03_One Definition Rule\OnePerProgram\ODR_10</Filter>
    </ClInclude>
    <ClInclude Include="03_One Definition Rule\OnePerProgram\ODR_11.h">
      <Filter>03_One Definition Rule\OnePerProgram\ODR_11</Filter>
    </ClInclude>
    <ClInclude Include="03_One Definition Rule\OnePerProgram\ODR_12.h">
      <Filter>03_One Definition Rule\OnePerProgram\ODR_12</Filter>
    </ClInclude>
    <ClInclude Include="03_One Definition Rule\OnePerProgram\OnePerPorgram.h">
      <Filter>03_One Definition Rule\OnePerProgram\Summary</Filter>
    </ClInclude>
    <ClInclude Include="03_One Definition Rule\ODR_01.h">
      <Filter>03_One Definition Rule\ODR_01</Filter>
    </ClInclude>
    <ClInclude Include="03_One Definition Rule\Cross-Translation\CrossTranslation.h">
      <Filter>03_One Definition Rule\Cross-Translation\Summary</Filter>
    </ClInclude>
    <ClInclude Include="03_One Definition Rule\Cross-Translation\ODR_16.h">
      <Filter>03_One Definition Rule\Cross-Translation\ODR_16</Filter>
    </ClInclude>
    <ClInclude Include="03_One Definition Rule\Cross-Translation\ODR_17.h">
      <Filter>03_One Definition Rule\Cross-Translation\ODR_17</Filter>
    </ClInclude>
    <ClInclude Include="03_One Definition Rule\Cross-Translation\ODR_19.h">
      <Filter>03_One Definition Rule\Cross-Translation\ODR_19</Filter>
    </ClInclude>
    <ClInclude Include="03_One Definition Rule\Cross-Translation\ODR_15.h">
      <Filter>03_One Definition Rule\Cross-Translation\ODR_15</Filter>
    </ClInclude>
    <ClInclude Include="08_Using Template in Practice\UTIP_01.hpp">
      <Filter>08_Using Template in Practice\UTIP_01</Filter>
    </ClInclude>
    <ClInclude Include="08_Using Template in Practice\UTIP_02.hpp">
      <Filter>08_Using Template in Practice\UTIP_02</Filter>
    </ClInclude>
    <ClInclude Include="08_Using Template in Practice\UTIP_04.hpp">
      <Filter>08_Using Template in Practice\UTIP_04</Filter>
    </ClInclude>
    <ClInclude Include="08_Using Template in Practice\UTIP_05.hpp">
      <Filter>08_Using Template in Practice\UTIP_05</Filter>
    </ClInclude>
    <ClInclude Include="08_Using Template in Practice\UTIP_05_TR1.h">
      <Filter>08_Using Template in Practice\UTIP_05</Filter>
    </ClInclude>
    <ClInclude Include="08_Using Template in Practice\UTIP_08.hpp">
      <Filter>08_Using Template in Practice\UTIP_08</Filter>
    </ClInclude>
    <ClInclude Include="11_Instantiation\INS_07_TR1.h">
      <Filter>11_Instantiation\INS_07</Filter>
    </ClInclude>
    <ClInclude Include="13_Specialization and Overloading\SAO_13.hpp">
      <Filter>13_Specialization and Overloading\SAO_13</Filter>
    </ClInclude>
  </ItemGroup>
</Project>