<?xml version="1.0" encoding="utf-8"?>
<Project ToolsVersion="4.0" xmlns="http://schemas.microsoft.com/developer/msbuild/2003">
  <ItemGroup>
    <Filter Include="소스 파일">
      <UniqueIdentifier>{4FC737F1-C7A5-4376-A066-2A32D752A2FF}</UniqueIdentifier>
      <Extensions>cpp;c;cc;cxx;def;odl;idl;hpj;bat;asm;asmx</Extensions>
    </Filter>
    <Filter Include="헤더 파일">
      <UniqueIdentifier>{93995380-89BD-4b04-88EB-625FBE52EBFB}</UniqueIdentifier>
      <Extensions>h;hh;hpp;hxx;hm;inl;inc;xsd</Extensions>
    </Filter>
    <Filter Include="리소스 파일">
      <UniqueIdentifier>{67DA6AB6-F800-4c08-8B7A-83BB121AAD01}</UniqueIdentifier>
      <Extensions>rc;ico;cur;bmp;dlg;rc2;rct;bin;rgs;gif;jpg;jpeg;jpe;resx;tiff;tif;png;wav;mfcribbon-ms</Extensions>
    </Filter>
    <Filter Include="소스 파일\Ch.01">
      <UniqueIdentifier>{f50066aa-b88d-423c-a89b-7ad226f83578}</UniqueIdentifier>
    </Filter>
    <Filter Include="소스 파일\Ch.02">
      <UniqueIdentifier>{7e9d4822-cee2-4513-a0af-1406f48e1680}</UniqueIdentifier>
    </Filter>
    <Filter Include="소스 파일\Util">
      <UniqueIdentifier>{2822138e-d968-4139-babe-37af1314cf9c}</UniqueIdentifier>
    </Filter>
    <Filter Include="소스 파일\Ch.03">
      <UniqueIdentifier>{cad9c5d4-fc97-472b-9cf8-d8fb52cc4c5c}</UniqueIdentifier>
    </Filter>
    <Filter Include="소스 파일\Ch.04">
      <UniqueIdentifier>{e52ed49a-c628-46ce-915a-4e560c3372ba}</UniqueIdentifier>
    </Filter>
    <Filter Include="소스 파일\Ch.05">
      <UniqueIdentifier>{d1f6d09c-a6f9-4c16-b603-351c5c3c599b}</UniqueIdentifier>
    </Filter>
    <Filter Include="소스 파일\Ch.06">
      <UniqueIdentifier>{f4651f49-44ba-4034-b74d-a4cf3a9ef034}</UniqueIdentifier>
    </Filter>
    <Filter Include="소스 파일\Ch.07">
      <UniqueIdentifier>{09f78e6f-5d7c-4422-9fd3-ed934d856b07}</UniqueIdentifier>
    </Filter>
    <Filter Include="소스 파일\Ch.08">
      <UniqueIdentifier>{06b5b7d4-bc17-46a7-b76e-289275526751}</UniqueIdentifier>
    </Filter>
  </ItemGroup>
  <ItemGroup>
    <ClCompile Include="..\Ch.01\01_mov.cpp">
      <Filter>소스 파일\Ch.01</Filter>
    </ClCompile>
    <ClCompile Include="..\Ch.01\02_add.cpp">
      <Filter>소스 파일\Ch.01</Filter>
    </ClCompile>
    <ClCompile Include="..\Ch.01\03_sub.cpp">
      <Filter>소스 파일\Ch.01</Filter>
    </ClCompile>
    <ClCompile Include="..\Ch.01\04_mul.cpp">
      <Filter>소스 파일\Ch.01</Filter>
    </ClCompile>
    <ClCompile Include="..\Ch.01\05_div.cpp">
      <Filter>소스 파일\Ch.01</Filter>
    </ClCompile>
    <ClCompile Include="..\Ch.01\06_inc_dec.cpp">
      <Filter>소스 파일\Ch.01</Filter>
    </ClCompile>
    <ClCompile Include="..\Ch.01\07_shift.cpp">
      <Filter>소스 파일\Ch.01</Filter>
    </ClCompile>
    <ClCompile Include="..\Ch.01\08_cmp.cpp">
      <Filter>소스 파일\Ch.01</Filter>
    </ClCompile>
    <ClCompile Include="..\Ch.01\09_jump.cpp">
      <Filter>소스 파일\Ch.01</Filter>
    </ClCompile>
    <ClCompile Include="..\Ch.02\01_mov.cpp">
      <Filter>소스 파일\Ch.02</Filter>
    </ClCompile>
    <ClCompile Include="..\Ch.02\02_logical_ops.cpp">
      <Filter>소스 파일\Ch.02</Filter>
    </ClCompile>
    <ClCompile Include="..\Ch.02\03_add.cpp">
      <Filter>소스 파일\Ch.02</Filter>
    </ClCompile>
    <ClCompile Include="..\Ch.02\04_sub.cpp">
      <Filter>소스 파일\Ch.02</Filter>
    </ClCompile>
    <ClCompile Include="..\Ch.02\05_GetSum.cpp">
      <Filter>소스 파일\Ch.02</Filter>
    </ClCompile>
    <ClCompile Include="..\Util\StopWatch.h">
      <Filter>소스 파일\Util</Filter>
    </ClCompile>
    <ClCompile Include="..\Ch.02\06_mul.cpp">
      <Filter>소스 파일\Ch.02</Filter>
    </ClCompile>
    <ClCompile Include="..\Ch.02\07_max_min.cpp">
      <Filter>소스 파일\Ch.02</Filter>
    </ClCompile>
    <ClCompile Include="..\Ch.02\08_GetMax.cpp">
      <Filter>소스 파일\Ch.02</Filter>
    </ClCompile>
    <ClCompile Include="..\Ch.02\09_avg.cpp">
      <Filter>소스 파일\Ch.02</Filter>
    </ClCompile>
    <ClCompile Include="..\Ch.02\10_cmp.cpp">
      <Filter>소스 파일\Ch.02</Filter>
    </ClCompile>
    <ClCompile Include="..\Ch.02\11_bitmask.cpp">
      <Filter>소스 파일\Ch.02</Filter>
    </ClCompile>
    <ClCompile Include="..\Ch.02\12_Count.cpp">
      <Filter>소스 파일\Ch.02</Filter>
    </ClCompile>
    <ClCompile Include="..\Ch.02\13_extract_insert.cpp">
      <Filter>소스 파일\Ch.02</Filter>
    </ClCompile>
    <ClCompile Include="..\Ch.02\14_Count_02.cpp">
      <Filter>소스 파일\Ch.02</Filter>
    </ClCompile>
    <ClCompile Include="..\Ch.02\15_FindPosition.cpp">
      <Filter>소스 파일\Ch.02</Filter>
    </ClCompile>
    <ClCompile Include="..\Ch.02\16_shift.cpp">
      <Filter>소스 파일\Ch.02</Filter>
    </ClCompile>
    <ClCompile Include="..\Ch.02\17_FindPosition2.cpp">
      <Filter>소스 파일\Ch.02</Filter>
    </ClCompile>
    <ClCompile Include="..\Ch.02\18_div.cpp">
      <Filter>소스 파일\Ch.02</Filter>
    </ClCompile>
    <ClCompile Include="..\Ch.02\19_unpack.cpp">
      <Filter>소스 파일\Ch.02</Filter>
    </ClCompile>
    <ClCompile Include="..\Ch.02\20_GetSum2.cpp">
      <Filter>소스 파일\Ch.02</Filter>
    </ClCompile>
    <ClCompile Include="..\Ch.02\22_casting.cpp">
      <Filter>소스 파일\Ch.02</Filter>
    </ClCompile>
    <ClCompile Include="..\Ch.02\23_FadeInFadeOut.cpp">
      <Filter>소스 파일\Ch.02</Filter>
    </ClCompile>
    <ClCompile Include="..\Ch.02\24_SharpenFilter.cpp">
      <Filter>소스 파일\Ch.02</Filter>
    </ClCompile>
    <ClCompile Include="..\Ch.03\01_mov.cpp">
      <Filter>소스 파일\Ch.03</Filter>
    </ClCompile>
    <ClCompile Include="..\Ch.03\02_logical_ops.cpp">
      <Filter>소스 파일\Ch.03</Filter>
    </ClCompile>
    <ClCompile Include="..\Ch.03\03_add.cpp">
      <Filter>소스 파일\Ch.03</Filter>
    </ClCompile>
    <ClCompile Include="..\Ch.03\04_sub.cpp">
      <Filter>소스 파일\Ch.03</Filter>
    </ClCompile>
    <ClCompile Include="..\Ch.03\05_matrix_add.cpp">
      <Filter>소스 파일\Ch.03</Filter>
    </ClCompile>
    <ClCompile Include="..\Ch.03\06_mul.cpp">
      <Filter>소스 파일\Ch.03</Filter>
    </ClCompile>
    <ClCompile Include="..\Ch.03\07_div.cpp">
      <Filter>소스 파일\Ch.03</Filter>
    </ClCompile>
    <ClCompile Include="..\Ch.03\08_rcp.cpp">
      <Filter>소스 파일\Ch.03</Filter>
    </ClCompile>
    <ClCompile Include="..\Ch.03\09_sqrt.cpp">
      <Filter>소스 파일\Ch.03</Filter>
    </ClCompile>
    <ClCompile Include="..\Ch.03\11_hadd.cpp">
      <Filter>소스 파일\Ch.03</Filter>
    </ClCompile>
    <ClCompile Include="..\Ch.03\10_rsqrt.cpp">
      <Filter>소스 파일\Ch.03</Filter>
    </ClCompile>
    <ClCompile Include="..\Ch.03\12_ClosestDistance.cpp">
      <Filter>소스 파일\Ch.03</Filter>
    </ClCompile>
    <ClCompile Include="..\Ch.03\13_shuffle.cpp">
      <Filter>소스 파일\Ch.03</Filter>
    </ClCompile>
    <ClCompile Include="..\Ch.02\21_shuffle.cpp">
      <Filter>소스 파일\Ch.02</Filter>
    </ClCompile>
    <ClCompile Include="..\Ch.03\14_matrix_multiply.cpp">
      <Filter>소스 파일\Ch.03</Filter>
    </ClCompile>
    <ClCompile Include="..\Ch.03\15_memcpy.cpp">
      <Filter>소스 파일\Ch.03</Filter>
    </ClCompile>
    <ClCompile Include="..\Ch.04\01_overview.cpp">
      <Filter>소스 파일\Ch.04</Filter>
    </ClCompile>
    <ClCompile Include="..\Ch.04\02_read_write.cpp">
      <Filter>소스 파일\Ch.04</Filter>
    </ClCompile>
    <ClCompile Include="..\Ch.04\03_add.cpp">
      <Filter>소스 파일\Ch.04</Filter>
    </ClCompile>
    <ClCompile Include="..\Ch.04\05_mul.cpp">
      <Filter>소스 파일\Ch.04</Filter>
    </ClCompile>
    <ClCompile Include="..\Ch.04\04_sub.cpp">
      <Filter>소스 파일\Ch.04</Filter>
    </ClCompile>
    <ClCompile Include="..\Ch.04\06_max_min.cpp">
      <Filter>소스 파일\Ch.04</Filter>
    </ClCompile>
    <ClCompile Include="..\Ch.04\07_avg.cpp">
      <Filter>소스 파일\Ch.04</Filter>
    </ClCompile>
    <ClCompile Include="..\Ch.04\08_other_arithmetic.cpp">
      <Filter>소스 파일\Ch.04</Filter>
    </ClCompile>
    <ClCompile Include="..\Ch.04\09_GetSum.cpp">
      <Filter>소스 파일\Ch.04</Filter>
    </ClCompile>
    <ClCompile Include="..\Ch.04\10_GetAbs.cpp">
      <Filter>소스 파일\Ch.04</Filter>
    </ClCompile>
    <ClCompile Include="..\Ch.04\11_set.cpp">
      <Filter>소스 파일\Ch.04</Filter>
    </ClCompile>
    <ClCompile Include="..\Ch.04\12_logical_ops.cpp">
      <Filter>소스 파일\Ch.04</Filter>
    </ClCompile>
    <ClCompile Include="..\Ch.04\13_shift.cpp">
      <Filter>소스 파일\Ch.04</Filter>
    </ClCompile>
    <ClCompile Include="..\Ch.04\14_div.cpp">
      <Filter>소스 파일\Ch.04</Filter>
    </ClCompile>
    <ClCompile Include="..\Ch.04\15_cmp.cpp">
      <Filter>소스 파일\Ch.04</Filter>
    </ClCompile>
    <ClCompile Include="..\Ch.04\16_Select.cpp">
      <Filter>소스 파일\Ch.04</Filter>
    </ClCompile>
    <ClCompile Include="..\Ch.04\17_unpack.cpp">
      <Filter>소스 파일\Ch.04</Filter>
    </ClCompile>
    <ClCompile Include="..\Ch.04\18_shuffle.cpp">
      <Filter>소스 파일\Ch.04</Filter>
    </ClCompile>
    <ClCompile Include="..\Ch.04\19_extract_insert_bitmask.cpp">
      <Filter>소스 파일\Ch.04</Filter>
    </ClCompile>
    <ClCompile Include="..\Ch.04\20_casting.cpp">
      <Filter>소스 파일\Ch.04</Filter>
    </ClCompile>
    <ClCompile Include="..\Ch.04\21_SharpenFilter.cpp">
      <Filter>소스 파일\Ch.04</Filter>
    </ClCompile>
    <ClCompile Include="..\Ch.04\22_EdgeDetect.cpp">
      <Filter>소스 파일\Ch.04</Filter>
    </ClCompile>
    <ClCompile Include="..\Ch.05\01_overview.cpp">
      <Filter>소스 파일\Ch.05</Filter>
    </ClCompile>
    <ClCompile Include="..\Ch.05\02_read_write.cpp">
      <Filter>소스 파일\Ch.05</Filter>
    </ClCompile>
    <ClCompile Include="..\Ch.05\03_arithmatic.cpp">
      <Filter>소스 파일\Ch.05</Filter>
    </ClCompile>
    <ClCompile Include="..\Ch.05\04_StanardDeviation.cpp">
      <Filter>소스 파일\Ch.05</Filter>
    </ClCompile>
    <ClCompile Include="..\Ch.05\05_set.cpp">
      <Filter>소스 파일\Ch.05</Filter>
    </ClCompile>
    <ClCompile Include="..\Ch.05\06_matrix_multiply.cpp">
      <Filter>소스 파일\Ch.05</Filter>
    </ClCompile>
    <ClCompile Include="..\Ch.05\07_logical_ops.cpp">
      <Filter>소스 파일\Ch.05</Filter>
    </ClCompile>
    <ClCompile Include="..\Ch.05\08_cmp.cpp">
      <Filter>소스 파일\Ch.05</Filter>
    </ClCompile>
    <ClCompile Include="..\Ch.05\09_Select.cpp">
      <Filter>소스 파일\Ch.05</Filter>
    </ClCompile>
    <ClCompile Include="..\Ch.05\10_casting.cpp">
      <Filter>소스 파일\Ch.05</Filter>
    </ClCompile>
    <ClCompile Include="..\Ch.05\11_shuffle_unpack.cpp">
      <Filter>소스 파일\Ch.05</Filter>
    </ClCompile>
    <ClCompile Include="..\Ch.05\12_cache.cpp">
      <Filter>소스 파일\Ch.05</Filter>
    </ClCompile>
    <ClCompile Include="..\Ch.05\13_improve_matrix_multiply.cpp">
      <Filter>소스 파일\Ch.05</Filter>
    </ClCompile>
    <ClCompile Include="..\Ch.06\01_overview.cpp">
      <Filter>소스 파일\Ch.06</Filter>
    </ClCompile>
    <ClCompile Include="..\Ch.06\02_read_write.cpp">
      <Filter>소스 파일\Ch.06</Filter>
    </ClCompile>
    <ClCompile Include="..\Ch.06\03_arithmatic.cpp">
      <Filter>소스 파일\Ch.06</Filter>
    </ClCompile>
    <ClCompile Include="..\Ch.06\04_set.cpp">
      <Filter>소스 파일\Ch.06</Filter>
    </ClCompile>
    <ClCompile Include="..\Ch.06\05_logical_ops.cpp">
      <Filter>소스 파일\Ch.06</Filter>
    </ClCompile>
    <ClCompile Include="..\Ch.06\06_cmp.cpp">
      <Filter>소스 파일\Ch.06</Filter>
    </ClCompile>
    <ClCompile Include="..\Ch.06\07_casting.cpp">
      <Filter>소스 파일\Ch.06</Filter>
    </ClCompile>
    <ClCompile Include="..\Ch.06\08_cache.cpp">
      <Filter>소스 파일\Ch.06</Filter>
    </ClCompile>
    <ClCompile Include="..\Ch.06\09_Factorial.cpp">
      <Filter>소스 파일\Ch.06</Filter>
    </ClCompile>
    <ClCompile Include="..\Ch.07\01_overview.cpp">
      <Filter>소스 파일\Ch.07</Filter>
    </ClCompile>
    <ClCompile Include="..\Ch.07\02_declaration.cpp">
      <Filter>소스 파일\Ch.07</Filter>
    </ClCompile>
    <ClCompile Include="..\Ch.07\03_read_write.cpp">
      <Filter>소스 파일\Ch.07</Filter>
    </ClCompile>
    <ClCompile Include="..\Ch.07\04_arithmetic.cpp">
      <Filter>소스 파일\Ch.07</Filter>
    </ClCompile>
    <ClCompile Include="..\Ch.07\05_max_min.cpp">
      <Filter>소스 파일\Ch.07</Filter>
    </ClCompile>
    <ClCompile Include="..\Ch.07\06_FindMaxValue.cpp">
      <Filter>소스 파일\Ch.07</Filter>
    </ClCompile>
    <ClCompile Include="..\Ch.07\08_logical_ops.cpp">
      <Filter>소스 파일\Ch.07</Filter>
    </ClCompile>
    <ClCompile Include="..\Ch.07\09_cmp.cpp">
      <Filter>소스 파일\Ch.07</Filter>
    </ClCompile>
    <ClCompile Include="..\Ch.07\10_select.cpp">
      <Filter>소스 파일\Ch.07</Filter>
    </ClCompile>
    <ClCompile Include="..\Ch.07\11_unpack.cpp">
      <Filter>소스 파일\Ch.07</Filter>
    </ClCompile>
    <ClCompile Include="..\Ch.07\12_pack.cpp">
      <Filter>소스 파일\Ch.07</Filter>
    </ClCompile>
    <ClCompile Include="..\Ch.07\13_SharpenFilter.cpp">
      <Filter>소스 파일\Ch.07</Filter>
    </ClCompile>
    <ClCompile Include="..\Ch.07\14_debugging.cpp">
      <Filter>소스 파일\Ch.07</Filter>
    </ClCompile>
    <ClCompile Include="..\Ch.07\15_clear_register.cpp">
      <Filter>소스 파일\Ch.07</Filter>
    </ClCompile>
    <ClCompile Include="..\Ch.07\07_shift.cpp">
      <Filter>소스 파일\Ch.07</Filter>
    </ClCompile>
    <ClCompile Include="..\Ch.08\01_overview.cpp">
      <Filter>소스 파일\Ch.08</Filter>
    </ClCompile>
    <ClCompile Include="..\Ch.08\02_declaration.cpp">
      <Filter>소스 파일\Ch.08</Filter>
    </ClCompile>
    <ClCompile Include="..\Ch.08\03_read_write.cpp">
      <Filter>소스 파일\Ch.08</Filter>
    </ClCompile>
    <ClCompile Include="..\Ch.08\04_arithmetic.cpp">
      <Filter>소스 파일\Ch.08</Filter>
    </ClCompile>
    <ClCompile Include="..\Ch.08\05_GetSumFloat.cpp">
      <Filter>소스 파일\Ch.08</Filter>
    </ClCompile>
    <ClCompile Include="..\Ch.08\06_math.cpp">
      <Filter>소스 파일\Ch.08</Filter>
    </ClCompile>
    <ClCompile Include="..\Ch.08\07_max_min.cpp">
      <Filter>소스 파일\Ch.08</Filter>
    </ClCompile>
    <ClCompile Include="..\Ch.08\08_StanardDeviation.cpp">
      <Filter>소스 파일\Ch.08</Filter>
    </ClCompile>
    <ClCompile Include="..\Ch.08\09_logical_ops.cpp">
      <Filter>소스 파일\Ch.08</Filter>
    </ClCompile>
    <ClCompile Include="..\Ch.08\10_cmp.cpp">
      <Filter>소스 파일\Ch.08</Filter>
    </ClCompile>
    <ClCompile Include="..\Ch.08\11_select.cpp">
      <Filter>소스 파일\Ch.08</Filter>
    </ClCompile>
    <ClCompile Include="..\Ch.08\12_cache.cpp">
      <Filter>소스 파일\Ch.08</Filter>
    </ClCompile>
    <ClCompile Include="..\Ch.08\13_unpack.cpp">
      <Filter>소스 파일\Ch.08</Filter>
    </ClCompile>
    <ClCompile Include="..\Ch.08\14_debugging.cpp">
      <Filter>소스 파일\Ch.08</Filter>
    </ClCompile>
    <ClCompile Include="..\Ch.08\15_bitmask.cpp">
      <Filter>소스 파일\Ch.08</Filter>
    </ClCompile>
    <ClCompile Include="..\Ch.08\16_matrix_multiply.cpp">
      <Filter>소스 파일\Ch.08</Filter>
    </ClCompile>
  </ItemGroup>
</Project>